{
  "name": "verenne",
  "version": "1.0.1",
  "lockfileVersion": 3,
  "requires": true,
  "packages": {
    "": {
      "name": "verenne",
      "version": "1.0.1",
      "license": "Apache-2.0",
      "bin": {
        "verenne": "bin/verenne.js"
      },
      "engines": {
        "node": ">=20"
      }
    }
  }
}
